# THIS IS AN AUTOGENERATED FILE. DO NOT EDIT THIS FILE DIRECTLY.
# yarn lockfile v1


eslint-import-resolver-alias@^1.1.2:
  version "1.1.2"
  resolved "https://registry.yarnpkg.com/eslint-import-resolver-alias/-/eslint-import-resolver-alias-1.1.2.tgz#297062890e31e4d6651eb5eba9534e1f6e68fc97"
  integrity sha512-WdviM1Eu834zsfjHtcGHtGfcu+F30Od3V7I9Fi57uhBEwPkjDcii7/yW8jAT+gOhn4P/vOxxNAXbFAKsrrc15w==

gatsby-plugin-google-fonts@^1.0.1:
  version "1.0.1"
  resolved "https://registry.yarnpkg.com/gatsby-plugin-google-fonts/-/gatsby-plugin-google-fonts-1.0.1.tgz#d71054f7bf207b9a8da227380369e18e6f4e0201"
  integrity sha512-p1NVkn27GUnDA5qHM+Z4cCcLCJIardzZXMon3640sT4xuL/AZJbsx3HEt2KY/5oZu0UXIkytkxzV2Da4rQeUIg==
